
Microsoft Visual Studio Solution File, Format Version 12.00
# Visual Studio Version 16
VisualStudioVersion = 16.0.31005.135
MinimumVisualStudioVersion = 10.0.40219.1
Project("{FAE04EC0-301F-11D3-BF4B-00C04F79EFBC}") = "IMBackEnd.WebAPI", "IMBackEnd.WebAPI\IMBackEnd.WebAPI.csproj", "{DD3DB93D-C4F9-4493-BE63-D9DF72B19083}"
EndProject
Project("{FAE04EC0-301F-11D3-BF4B-00C04F79EFBC}") = "IMBackEnd.DataAccess", "IMBackEnd.DataAccess\IMBackEnd.DataAccess.csproj", "{0C5F922F-0AA4-4843-AED1-C9CD4B41C3AE}"
EndProject
Global
	GlobalSection(SolutionConfigurationPlatforms) = preSolution
		Debug|Any CPU = Debug|Any CPU
		Release|Any CPU = Release|Any CPU
	EndGlobalSection
	GlobalSection(ProjectConfigurationPlatforms) = postSolution
		{DD3DB93D-C4F9-4493-BE63-D9DF72B19083}.Debug|Any CPU.ActiveCfg = Debug|Any CPU
		{DD3DB93D-C4F9-4493-BE63-D9DF72B19083}.Debug|Any CPU.Build.0 = Debug|Any CPU
		{DD3DB93D-C4F9-4493-BE63-D9DF72B19083}.Release|Any CPU.ActiveCfg = Release|Any CPU
		{DD3DB93D-C4F9-4493-BE63-D9DF72B19083}.Release|Any CPU.Build.0 = Release|Any CPU
		{0C5F922F-0AA4-4843-AED1-C9CD4B41C3AE}.Debug|Any CPU.ActiveCfg = Debug|Any CPU
		{0C5F922F-0AA4-4843-AED1-C9CD4B41C3AE}.Debug|Any CPU.Build.0 = Debug|Any CPU
		{0C5F922F-0AA4-4843-AED1-C9CD4B41C3AE}.Release|Any CPU.ActiveCfg = Release|Any CPU
		{0C5F922F-0AA4-4843-AED1-C9CD4B41C3AE}.Release|Any CPU.Build.0 = Release|Any CPU
	EndGlobalSection
	GlobalSection(SolutionProperties) = preSolution
		HideSolutionNode = FALSE
	EndGlobalSection
	GlobalSection(ExtensibilityGlobals) = postSolution
		SolutionGuid = {490BC14B-E66C-4031-9163-F8E3765BB41E}
	EndGlobalSection
EndGlobal
