
Microsoft Visual Studio Solution File, Format Version 12.00
# Visual Studio Version 16
VisualStudioVersion = 16.0.30717.126
MinimumVisualStudioVersion = 10.0.40219.1
Project("{9A19103F-16F7-4668-BE54-9A1E7A4F7556}") = "IMBackEnd.WebAPI", "IMBackEnd.WebAPI\IMBackEnd.WebAPI.csproj", "{F401A553-0AC9-4778-9DD4-5E6D1811B690}"
EndProject
Project("{9A19103F-16F7-4668-BE54-9A1E7A4F7556}") = "IMBackEnd.DataAccess", "IMBackEnd.DataAccess\IMBackEnd.DataAccess.csproj", "{12E20C24-7753-4739-9F19-C29C86918EDC}"
EndProject
Project("{FAE04EC0-301F-11D3-BF4B-00C04F79EFBC}") = "IMBackEnd.Domain", "IMBackEnd.Domain\IMBackEnd.Domain.csproj", "{E0C9A2AA-9D55-4DEC-A0AD-9F928B996B51}"
EndProject
Global
	GlobalSection(SolutionConfigurationPlatforms) = preSolution
		Debug|Any CPU = Debug|Any CPU
		Release|Any CPU = Release|Any CPU
	EndGlobalSection
	GlobalSection(ProjectConfigurationPlatforms) = postSolution
		{F401A553-0AC9-4778-9DD4-5E6D1811B690}.Debug|Any CPU.ActiveCfg = Debug|Any CPU
		{F401A553-0AC9-4778-9DD4-5E6D1811B690}.Debug|Any CPU.Build.0 = Debug|Any CPU
		{F401A553-0AC9-4778-9DD4-5E6D1811B690}.Release|Any CPU.ActiveCfg = Release|Any CPU
		{F401A553-0AC9-4778-9DD4-5E6D1811B690}.Release|Any CPU.Build.0 = Release|Any CPU
		{12E20C24-7753-4739-9F19-C29C86918EDC}.Debug|Any CPU.ActiveCfg = Debug|Any CPU
		{12E20C24-7753-4739-9F19-C29C86918EDC}.Debug|Any CPU.Build.0 = Debug|Any CPU
		{12E20C24-7753-4739-9F19-C29C86918EDC}.Release|Any CPU.ActiveCfg = Release|Any CPU
		{12E20C24-7753-4739-9F19-C29C86918EDC}.Release|Any CPU.Build.0 = Release|Any CPU
		{E0C9A2AA-9D55-4DEC-A0AD-9F928B996B51}.Debug|Any CPU.ActiveCfg = Debug|Any CPU
		{E0C9A2AA-9D55-4DEC-A0AD-9F928B996B51}.Debug|Any CPU.Build.0 = Debug|Any CPU
		{E0C9A2AA-9D55-4DEC-A0AD-9F928B996B51}.Release|Any CPU.ActiveCfg = Release|Any CPU
		{E0C9A2AA-9D55-4DEC-A0AD-9F928B996B51}.Release|Any CPU.Build.0 = Release|Any CPU
	EndGlobalSection
	GlobalSection(SolutionProperties) = preSolution
		HideSolutionNode = FALSE
	EndGlobalSection
	GlobalSection(ExtensibilityGlobals) = postSolution
		SolutionGuid = {075DA689-52D2-4011-8A4C-1ACFCB307CFB}
	EndGlobalSection
EndGlobal
